
Microsoft Visual Studio Solution File, Format Version 12.00
# Visual Studio Version 17
VisualStudioVersion = 17.1.32421.90
MinimumVisualStudioVersion = 10.0.40219.1
Project("{FAE04EC0-301F-11D3-BF4B-00C04F79EFBC}") = "Variaveis", "Variaveis\Variaveis.csproj", "{D1F39209-555C-4F3B-87EF-F24586643118}"
EndProject
Global
	GlobalSection(SolutionConfigurationPlatforms) = preSolution
		Debug|Any CPU = Debug|Any CPU
		Release|Any CPU = Release|Any CPU
	EndGlobalSection
	GlobalSection(ProjectConfigurationPlatforms) = postSolution
		{D1F39209-555C-4F3B-87EF-F24586643118}.Debug|Any CPU.ActiveCfg = Debug|Any CPU
		{D1F39209-555C-4F3B-87EF-F24586643118}.Debug|Any CPU.Build.0 = Debug|Any CPU
		{D1F39209-555C-4F3B-87EF-F24586643118}.Release|Any CPU.ActiveCfg = Release|Any CPU
		{D1F39209-555C-4F3B-87EF-F24586643118}.Release|Any CPU.Build.0 = Release|Any CPU
	EndGlobalSection
	GlobalSection(SolutionProperties) = preSolution
		HideSolutionNode = FALSE
	EndGlobalSection
	GlobalSection(ExtensibilityGlobals) = postSolution
		SolutionGuid = {146FA85B-8D81-4D8E-AE98-FDE2A066E9FD}
	EndGlobalSection
EndGlobal
